
Microsoft Visual Studio Solution File, Format Version 12.00
# Visual Studio Version 17
VisualStudioVersion = 17.1.32407.343
MinimumVisualStudioVersion = 10.0.40219.1
Project("{9A19103F-16F7-4668-BE54-9A1E7A4F7556}") = "OceanWinForms", "OceanWinForms.csproj", "{4647F996-D740-4AE4-A632-DDAAB88571EE}"
EndProject
Project("{9A19103F-16F7-4668-BE54-9A1E7A4F7556}") = "OceanSimulation", "..\OceanSimulation\OceanSimulation.csproj", "{500BCA85-AD3E-4040-AB0F-5C8A216E220D}"
EndProject
Project("{FAE04EC0-301F-11D3-BF4B-00C04F79EFBC}") = "OceanWithLibrarySim", "..\OceanWithLibrarySim\OceanWithLibrarySim.csproj", "{3302B476-AA38-4114-A17B-67EED0726F71}"
EndProject
Global
	GlobalSection(SolutionConfigurationPlatforms) = preSolution
		Debug|Any CPU = Debug|Any CPU
		Release|Any CPU = Release|Any CPU
	EndGlobalSection
	GlobalSection(ProjectConfigurationPlatforms) = postSolution
		{4647F996-D740-4AE4-A632-DDAAB88571EE}.Debug|Any CPU.ActiveCfg = Debug|Any CPU
		{4647F996-D740-4AE4-A632-DDAAB88571EE}.Debug|Any CPU.Build.0 = Debug|Any CPU
		{4647F996-D740-4AE4-A632-DDAAB88571EE}.Release|Any CPU.ActiveCfg = Release|Any CPU
		{4647F996-D740-4AE4-A632-DDAAB88571EE}.Release|Any CPU.Build.0 = Release|Any CPU
		{500BCA85-AD3E-4040-AB0F-5C8A216E220D}.Debug|Any CPU.ActiveCfg = Debug|Any CPU
		{500BCA85-AD3E-4040-AB0F-5C8A216E220D}.Debug|Any CPU.Build.0 = Debug|Any CPU
		{500BCA85-AD3E-4040-AB0F-5C8A216E220D}.Release|Any CPU.ActiveCfg = Release|Any CPU
		{500BCA85-AD3E-4040-AB0F-5C8A216E220D}.Release|Any CPU.Build.0 = Release|Any CPU
		{3302B476-AA38-4114-A17B-67EED0726F71}.Debug|Any CPU.ActiveCfg = Debug|Any CPU
		{3302B476-AA38-4114-A17B-67EED0726F71}.Debug|Any CPU.Build.0 = Debug|Any CPU
		{3302B476-AA38-4114-A17B-67EED0726F71}.Release|Any CPU.ActiveCfg = Release|Any CPU
		{3302B476-AA38-4114-A17B-67EED0726F71}.Release|Any CPU.Build.0 = Release|Any CPU
	EndGlobalSection
	GlobalSection(SolutionProperties) = preSolution
		HideSolutionNode = FALSE
	EndGlobalSection
	GlobalSection(ExtensibilityGlobals) = postSolution
		SolutionGuid = {4207FC87-907D-41D0-ADFA-23E1318E77D8}
	EndGlobalSection
EndGlobal
